
Microsoft Visual Studio Solution File, Format Version 12.00
Project("{FAE04EC0-301F-11D3-BF4B-00C04F79EFBC}") = "MultiNoa", "MultiNoa\MultiNoa.csproj", "{84256146-8089-4F68-9D3C-F408AB7C7D63}"
EndProject
Project("{FAE04EC0-301F-11D3-BF4B-00C04F79EFBC}") = "MultiNoaTests", "MultiNoaTests\MultiNoaTests.csproj", "{95489B08-FBF8-409C-B2BF-D0A1B7899993}"
EndProject
Project("{FAE04EC0-301F-11D3-BF4B-00C04F79EFBC}") = "ExampleProject", "ExampleProject\ExampleProject.csproj", "{80D17E78-BCFB-49CC-AD8E-237E01D9AD9B}"
EndProject
Project("{FAE04EC0-301F-11D3-BF4B-00C04F79EFBC}") = "ChatDemo", "ChatDemo\ChatDemo.csproj", "{2189B59C-8A5C-4232-BCB9-6EA46FD25C5F}"
EndProject
Project("{FAE04EC0-301F-11D3-BF4B-00C04F79EFBC}") = "MultiNoa.Matchmaking", "MultiNoa.Matchmaking\MultiNoa.Matchmaking.csproj", "{D203C554-56F7-4085-B299-54D132EA2C7D}"
EndProject
Project("{FAE04EC0-301F-11D3-BF4B-00C04F79EFBC}") = "MultiNoa.PluginKit", "MultiNoa.PluginKit\MultiNoa.PluginKit.csproj", "{D61FB2EC-95FE-46A5-912F-2530AC6F7787}"
EndProject
Global
	GlobalSection(SolutionConfigurationPlatforms) = preSolution
		Debug|Any CPU = Debug|Any CPU
		Release|Any CPU = Release|Any CPU
	EndGlobalSection
	GlobalSection(ProjectConfigurationPlatforms) = postSolution
		{84256146-8089-4F68-9D3C-F408AB7C7D63}.Debug|Any CPU.ActiveCfg = Debug|Any CPU
		{84256146-8089-4F68-9D3C-F408AB7C7D63}.Debug|Any CPU.Build.0 = Debug|Any CPU
		{84256146-8089-4F68-9D3C-F408AB7C7D63}.Release|Any CPU.ActiveCfg = Release|Any CPU
		{84256146-8089-4F68-9D3C-F408AB7C7D63}.Release|Any CPU.Build.0 = Release|Any CPU
		{95489B08-FBF8-409C-B2BF-D0A1B7899993}.Debug|Any CPU.ActiveCfg = Debug|Any CPU
		{95489B08-FBF8-409C-B2BF-D0A1B7899993}.Debug|Any CPU.Build.0 = Debug|Any CPU
		{95489B08-FBF8-409C-B2BF-D0A1B7899993}.Release|Any CPU.ActiveCfg = Release|Any CPU
		{95489B08-FBF8-409C-B2BF-D0A1B7899993}.Release|Any CPU.Build.0 = Release|Any CPU
		{80D17E78-BCFB-49CC-AD8E-237E01D9AD9B}.Debug|Any CPU.ActiveCfg = Debug|Any CPU
		{80D17E78-BCFB-49CC-AD8E-237E01D9AD9B}.Debug|Any CPU.Build.0 = Debug|Any CPU
		{80D17E78-BCFB-49CC-AD8E-237E01D9AD9B}.Release|Any CPU.ActiveCfg = Release|Any CPU
		{80D17E78-BCFB-49CC-AD8E-237E01D9AD9B}.Release|Any CPU.Build.0 = Release|Any CPU
		{2189B59C-8A5C-4232-BCB9-6EA46FD25C5F}.Debug|Any CPU.ActiveCfg = Debug|Any CPU
		{2189B59C-8A5C-4232-BCB9-6EA46FD25C5F}.Debug|Any CPU.Build.0 = Debug|Any CPU
		{2189B59C-8A5C-4232-BCB9-6EA46FD25C5F}.Release|Any CPU.ActiveCfg = Release|Any CPU
		{2189B59C-8A5C-4232-BCB9-6EA46FD25C5F}.Release|Any CPU.Build.0 = Release|Any CPU
		{D203C554-56F7-4085-B299-54D132EA2C7D}.Debug|Any CPU.ActiveCfg = Debug|Any CPU
		{D203C554-56F7-4085-B299-54D132EA2C7D}.Debug|Any CPU.Build.0 = Debug|Any CPU
		{D203C554-56F7-4085-B299-54D132EA2C7D}.Release|Any CPU.ActiveCfg = Release|Any CPU
		{D203C554-56F7-4085-B299-54D132EA2C7D}.Release|Any CPU.Build.0 = Release|Any CPU
		{D61FB2EC-95FE-46A5-912F-2530AC6F7787}.Debug|Any CPU.ActiveCfg = Debug|Any CPU
		{D61FB2EC-95FE-46A5-912F-2530AC6F7787}.Debug|Any CPU.Build.0 = Debug|Any CPU
		{D61FB2EC-95FE-46A5-912F-2530AC6F7787}.Release|Any CPU.ActiveCfg = Release|Any CPU
		{D61FB2EC-95FE-46A5-912F-2530AC6F7787}.Release|Any CPU.Build.0 = Release|Any CPU
	EndGlobalSection
EndGlobal
